// !$*UTF8*$!
{
	archiveVersion = 1;
	classes = {
	};
	objectVersion = 46;
	objects = {

/* Begin PBXBuildFile section */
		BEA0762E1B81131000409B59 /* main.m in Sources */ = {isa = PBXBuildFile; fileRef = BEA0762D1B81131000409B59 /* main.m */; };
		BEA076311B81131000409B59 /* AppDelegate.m in Sources */ = {isa = PBXBuildFile; fileRef = BEA076301B81131000409B59 /* AppDelegate.m */; };
		BEA076341B81131000409B59 /* ViewController.m in Sources */ = {isa = PBXBuildFile; fileRef = BEA076331B81131000409B59 /* ViewController.m */; };
		BEA076371B81131000409B59 /* Main.storyboard in Resources */ = {isa = PBXBuildFile; fileRef = BEA076351B81131000409B59 /* Main.storyboard */; };
		BEA076391B81131000409B59 /* Images.xcassets in Resources */ = {isa = PBXBuildFile; fileRef = BEA076381B81131000409B59 /* Images.xcassets */; };
		BEA0763C1B81131000409B59 /* LaunchScreen.xib in Resources */ = {isa = PBXBuildFile; fileRef = BEA0763A1B81131000409B59 /* LaunchScreen.xib */; };
		BEA076481B81131000409B59 /* ImgTblTests.m in Sources */ = {isa = PBXBuildFile; fileRef = BEA076471B81131000409B59 /* ImgTblTests.m */; };
/* End PBXBuildFile section */

/* Begin PBXContainerItemProxy section */
		BEA076421B81131000409B59 /* PBXContainerItemProxy */ = {
			isa = PBXContainerItemProxy;
			containerPortal = BEA076201B81131000409B59 /* Project object */;
			proxyType = 1;
			remoteGlobalIDString = BEA076271B81131000409B59;
			remoteInfo = ImgTbl;
		};
/* End PBXContainerItemProxy section */

/* Begin PBXFileReference section */
		BEA076281B81131000409B59 /* ImgTbl.app */ = {isa = PBXFileReference; explicitFileType = wrapper.application; includeInIndex = 0; path = ImgTbl.app; sourceTree = BUILT_PRODUCTS_DIR; };
		BEA0762C1B81131000409B59 /* Info.plist */ = {isa = PBXFileReference; lastKnownFileType = text.plist.xml; path = Info.plist; sourceTree = "<group>"; };
		BEA0762D1B81131000409B59 /* main.m */ = {isa = PBXFileReference; lastKnownFileType = sourcecode.c.objc; path = main.m; sourceTree = "<group>"; };
		BEA0762F1B81131000409B59 /* AppDelegate.h */ = {isa = PBXFileReference; lastKnownFileType = sourcecode.c.h; path = AppDelegate.h; sourceTree = "<group>"; };
		BEA076301B81131000409B59 /* AppDelegate.m */ = {isa = PBXFileReference; lastKnownFileType = sourcecode.c.objc; path = AppDelegate.m; sourceTree = "<group>"; };
		BEA076321B81131000409B59 /* ViewController.h */ = {isa = PBXFileReference; lastKnownFileType = sourcecode.c.h; path = ViewController.h; sourceTree = "<group>"; };
		BEA076331B81131000409B59 /* ViewController.m */ = {isa = PBXFileReference; lastKnownFileType = sourcecode.c.objc; path = ViewController.m; sourceTree = "<group>"; };
		BEA076361B81131000409B59 /* Base */ = {isa = PBXFileReference; lastKnownFileType = file.storyboard; name = Base; path = Base.lproj/Main.storyboard; sourceTree = "<group>"; };
		BEA076381B81131000409B59 /* Images.xcassets */ = {isa = PBXFileReference; lastKnownFileType = folder.assetcatalog; path = Images.xcassets; sourceTree = "<group>"; };
		BEA0763B1B81131000409B59 /* Base */ = {isa = PBXFileReference; lastKnownFileType = file.xib; name = Base; path = Base.lproj/LaunchScreen.xib; sourceTree = "<group>"; };
		BEA076411B81131000409B59 /* ImgTblTests.xctest */ = {isa = PBXFileReference; explicitFileType = wrapper.cfbundle; includeInIndex = 0; path = ImgTblTests.xctest; sourceTree = BUILT_PRODUCTS_DIR; };
		BEA076461B81131000409B59 /* Info.plist */ = {isa = PBXFileReference; lastKnownFileType = text.plist.xml; path = Info.plist; sourceTree = "<group>"; };
		BEA076471B81131000409B59 /* ImgTblTests.m */ = {isa = PBXFileReference; lastKnownFileType = sourcecode.c.objc; path = ImgTblTests.m; sourceTree = "<group>"; };
/* End PBXFileReference section */

/* Begin PBXFrameworksBuildPhase section */
		BEA076251B81131000409B59 /* Frameworks */ = {
			isa = PBXFrameworksBuildPhase;
			buildActionMask = 2147483647;
			files = (
			);
			runOnlyForDeploymentPostprocessing = 0;
		};
		BEA0763E1B81131000409B59 /* Frameworks */ = {
			isa = PBXFrameworksBuildPhase;
			buildActionMask = 2147483647;
			files = (
			);
			runOnlyForDeploymentPostprocessing = 0;
		};
/* End PBXFrameworksBuildPhase section */

/* Begin PBXGroup section */
		BEA0761F1B81131000409B59 = {
			isa = PBXGroup;
			children = (
				BEA0762A1B81131000409B59 /* ImgTbl */,
				BEA076441B81131000409B59 /* ImgTblTests */,
				BEA076291B81131000409B59 /* Products */,
			);
			sourceTree = "<group>";
		};
		BEA076291B81131000409B59 /* Products */ = {
			isa = PBXGroup;
			children = (
				BEA076281B81131000409B59 /* ImgTbl.app */,
				BEA076411B81131000409B59 /* ImgTblTests.xctest */,
			);
			name = Products;
			sourceTree = "<group>";
		};
		BEA0762A1B81131000409B59 /* ImgTbl */ = {
			isa = PBXGroup;
			children = (
				BEA0762F1B81131000409B59 /* AppDelegate.h */,
				BEA076301B81131000409B59 /* AppDelegate.m */,
				BEA076321B81131000409B59 /* ViewController.h */,
				BEA076331B81131000409B59 /* ViewController.m */,
				BEA076351B81131000409B59 /* Main.storyboard */,
				BEA076381B81131000409B59 /* Images.xcassets */,
				BEA0763A1B81131000409B59 /* LaunchScreen.xib */,
				BEA0762B1B81131000409B59 /* Supporting Files */,
			);
			path = ImgTbl;
			sourceTree = "<group>";
		};
		BEA0762B1B81131000409B59 /* Supporting Files */ = {
			isa = PBXGroup;
			children = (
				BEA0762C1B81131000409B59 /* Info.plist */,
				BEA0762D1B81131000409B59 /* main.m */,
			);
			name = "Supporting Files";
			sourceTree = "<group>";
		};
		BEA076441B81131000409B59 /* ImgTblTests */ = {
			isa = PBXGroup;
			children = (
				BEA076471B81131000409B59 /* ImgTblTests.m */,
				BEA076451B81131000409B59 /* Supporting Files */,
			);
			path = ImgTblTests;
			sourceTree = "<group>";
		};
		BEA076451B81131000409B59 /* Supporting Files */ = {
			isa = PBXGroup;
			children = (
				BEA076461B81131000409B59 /* Info.plist */,
			);
			name = "Supporting Files";
			sourceTree = "<group>";
		};
/* End PBXGroup section */

/* Begin PBXNativeTarget section */
		BEA076271B81131000409B59 /* ImgTbl */ = {
			isa = PBXNativeTarget;
			buildConfigurationList = BEA0764B1B81131000409B59 /* Build configuration list for PBXNativeTarget "ImgTbl" */;
			buildPhases = (
				BEA076241B81131000409B59 /* Sources */,
				BEA076251B81131000409B59 /* Frameworks */,
				BEA076261B81131000409B59 /* Resources */,
			);
			buildRules = (
			);
			dependencies = (
			);
			name = ImgTbl;
			productName = ImgTbl;
			productReference = BEA076281B81131000409B59 /* ImgTbl.app */;
			productType = "com.apple.product-type.application";
		};
		BEA076401B81131000409B59 /* ImgTblTests */ = {
			isa = PBXNativeTarget;
			buildConfigurationList = BEA0764E1B81131000409B59 /* Build configuration list for PBXNativeTarget "ImgTblTests" */;
			buildPhases = (
				BEA0763D1B81131000409B59 /* Sources */,
				BEA0763E1B81131000409B59 /* Frameworks */,
				BEA0763F1B81131000409B59 /* Resources */,
			);
			buildRules = (
			);
			dependencies = (
				BEA076431B81131000409B59 /* PBXTargetDependency */,
			);
			name = ImgTblTests;
			productName = ImgTblTests;
			productReference = BEA076411B81131000409B59 /* ImgTblTests.xctest */;
			productType = "com.apple.product-type.bundle.unit-test";
		};
/* End PBXNativeTarget section */

/* Begin PBXProject section */
		BEA076201B81131000409B59 /* Project object */ = {
			isa = PBXProject;
			attributes = {
				LastUpgradeCheck = 0620;
				ORGANIZATIONNAME = GEO;
				TargetAttributes = {
					BEA076271B81131000409B59 = {
						CreatedOnToolsVersion = 6.2;
					};
					BEA076401B81131000409B59 = {
						CreatedOnToolsVersion = 6.2;
						TestTargetID = BEA076271B81131000409B59;
					};
				};
			};
			buildConfigurationList = BEA076231B81131000409B59 /* Build configuration list for PBXProject "ImgTbl" */;
			compatibilityVersion = "Xcode 3.2";
			developmentRegion = English;
			hasScannedForEncodings = 0;
			knownRegions = (
				en,
				Base,
			);
			mainGroup = BEA0761F1B81131000409B59;
			productRefGroup = BEA076291B81131000409B59 /* Products */;
			projectDirPath = "";
			projectRoot = "";
			targets = (
				BEA076271B81131000409B59 /* ImgTbl */,
				BEA076401B81131000409B59 /* ImgTblTests */,
			);
		};
/* End PBXProject section */

/* Begin PBXResourcesBuildPhase section */
		BEA076261B81131000409B59 /* Resources */ = {
			isa = PBXResourcesBuildPhase;
			buildActionMask = 2147483647;
			files = (
				BEA076371B81131000409B59 /* Main.storyboard in Resources */,
				BEA0763C1B81131000409B59 /* LaunchScreen.xib in Resources */,
				BEA076391B81131000409B59 /* Images.xcassets in Resources */,
			);
			runOnlyForDeploymentPostprocessing = 0;
		};
		BEA0763F1B81131000409B59 /* Resources */ = {
			isa = PBXResourcesBuildPhase;
			buildActionMask = 2147483647;
			files = (
			);
			runOnlyForDeploymentPostprocessing = 0;
		};
/* End PBXResourcesBuildPhase section */

/* Begin PBXSourcesBuildPhase section */
		BEA076241B81131000409B59 /* Sources */ = {
			isa = PBXSourcesBuildPhase;
			buildActionMask = 2147483647;
			files = (
				BEA076341B81131000409B59 /* ViewController.m in Sources */,
				BEA076311B81131000409B59 /* AppDelegate.m in Sources */,
				BEA0762E1B81131000409B59 /* main.m in Sources */,
			);
			runOnlyForDeploymentPostprocessing = 0;
		};
		BEA0763D1B81131000409B59 /* Sources */ = {
			isa = PBXSourcesBuildPhase;
			buildActionMask = 2147483647;
			files = (
				BEA076481B81131000409B59 /* ImgTblTests.m in Sources */,
			);
			runOnlyForDeploymentPostprocessing = 0;
		};
/* End PBXSourcesBuildPhase section */

/* Begin PBXTargetDependency section */
		BEA076431B81131000409B59 /* PBXTargetDependency */ = {
			isa = PBXTargetDependency;
			target = BEA076271B81131000409B59 /* ImgTbl */;
			targetProxy = BEA076421B81131000409B59 /* PBXContainerItemProxy */;
		};
/* End PBXTargetDependency section */

/* Begin PBXVariantGroup section */
		BEA076351B81131000409B59 /* Main.storyboard */ = {
			isa = PBXVariantGroup;
			children = (
				BEA076361B81131000409B59 /* Base */,
			);
			name = Main.storyboard;
			sourceTree = "<group>";
		};
		BEA0763A1B81131000409B59 /* LaunchScreen.xib */ = {
			isa = PBXVariantGroup;
			children = (
				BEA0763B1B81131000409B59 /* Base */,
			);
			name = LaunchScreen.xib;
			sourceTree = "<group>";
		};
/* End PBXVariantGroup section */

/* Begin XCBuildConfiguration section */
		BEA076491B81131000409B59 /* Debug */ = {
			isa = XCBuildConfiguration;
			buildSettings = {
				ALWAYS_SEARCH_USER_PATHS = NO;
				CLANG_CXX_LANGUAGE_STANDARD = "gnu++0x";
				CLANG_CXX_LIBRARY = "libc++";
				CLANG_ENABLE_MODULES = YES;
				CLANG_ENABLE_OBJC_ARC = YES;
				CLANG_WARN_BOOL_CONVERSION = YES;
				CLANG_WARN_CONSTANT_CONVERSION = YES;
				CLANG_WARN_DIRECT_OBJC_ISA_USAGE = YES_ERROR;
				CLANG_WARN_EMPTY_BODY = YES;
				CLANG_WARN_ENUM_CONVERSION = YES;
				CLANG_WARN_INT_CONVERSION = YES;
				CLANG_WARN_OBJC_ROOT_CLASS = YES_ERROR;
				CLANG_WARN_UNREACHABLE_CODE = YES;
				CLANG_WARN__DUPLICATE_METHOD_MATCH = YES;
				"CODE_SIGN_IDENTITY[sdk=iphoneos*]" = "iPhone Developer";
				COPY_PHASE_STRIP = NO;
				ENABLE_STRICT_OBJC_MSGSEND = YES;
				GCC_C_LANGUAGE_STANDARD = gnu99;
				GCC_DYNAMIC_NO_PIC = NO;
				GCC_OPTIMIZATION_LEVEL = 0;
				GCC_PREPROCESSOR_DEFINITIONS = (
					"DEBUG=1",
					"$(inherited)",
				);
				GCC_SYMBOLS_PRIVATE_EXTERN = NO;
				GCC_WARN_64_TO_32_BIT_CONVERSION = YES;
				GCC_WARN_ABOUT_RETURN_TYPE = YES_ERROR;
				GCC_WARN_UNDECLARED_SELECTOR = YES;
				GCC_WARN_UNINITIALIZED_AUTOS = YES_AGGRESSIVE;
				GCC_WARN_UNUSED_FUNCTION = YES;
				GCC_WARN_UNUSED_VARIABLE = YES;
				IPHONEOS_DEPLOYMENT_TARGET = 8.2;
				MTL_ENABLE_DEBUG_INFO = YES;
				ONLY_ACTIVE_ARCH = YES;
				SDKROOT = iphoneos;
				TARGETED_DEVICE_FAMILY = "1,2";
			};
			name = Debug;
		};
		BEA0764A1B81131000409B59 /* Release */ = {
			isa = XCBuildConfiguration;
			buildSettings = {
				ALWAYS_SEARCH_USER_PATHS = NO;
				CLANG_CXX_LANGUAGE_STANDARD = "gnu++0x";
				CLANG_CXX_LIBRARY = "libc++";
				CLANG_ENABLE_MODULES = YES;
				CLANG_ENABLE_OBJC_ARC = YES;
				CLANG_WARN_BOOL_CONVERSION = YES;
				CLANG_WARN_CONSTANT_CONVERSION = YES;
				CLANG_WARN_DIRECT_OBJC_ISA_USAGE = YES_ERROR;
				CLANG_WARN_EMPTY_BODY = YES;
				CLANG_WARN_ENUM_CONVERSION = YES;
				CLANG_WARN_INT_CONVERSION = YES;
				CLANG_WARN_OBJC_ROOT_CLASS = YES_ERROR;
				CLANG_WARN_UNREACHABLE_CODE = YES;
				CLANG_WARN__DUPLICATE_METHOD_MATCH = YES;
				"CODE_SIGN_IDENTITY[sdk=iphoneos*]" = "iPhone Developer";
				COPY_PHASE_STRIP = NO;
				ENABLE_NS_ASSERTIONS = NO;
				ENABLE_STRICT_OBJC_MSGSEND = YES;
				GCC_C_LANGUAGE_STANDARD = gnu99;
				GCC_WARN_64_TO_32_BIT_CONVERSION = YES;
				GCC_WARN_ABOUT_RETURN_TYPE = YES_ERROR;
				GCC_WARN_UNDECLARED_SELECTOR = YES;
				GCC_WARN_UNINITIALIZED_AUTOS = YES_AGGRESSIVE;
				GCC_WARN_UNUSED_FUNCTION = YES;
				GCC_WARN_UNUSED_VARIABLE = YES;
				IPHONEOS_DEPLOYMENT_TARGET = 8.2;
				MTL_ENABLE_DEBUG_INFO = NO;
				SDKROOT = iphoneos;
				TARGETED_DEVICE_FAMILY = "1,2";
				VALIDATE_PRODUCT = YES;
			};
			name = Release;
		};
		BEA0764C1B81131000409B59 /* Debug */ = {
			isa = XCBuildConfiguration;
			buildSettings = {
				ASSETCATALOG_COMPILER_APPICON_NAME = AppIcon;
				INFOPLIST_FILE = ImgTbl/Info.plist;
				LD_RUNPATH_SEARCH_PATHS = "$(inherited) @executable_path/Frameworks";
				PRODUCT_NAME = "$(TARGET_NAME)";
			};
			name = Debug;
		};
		BEA0764D1B81131000409B59 /* Release */ = {
			isa = XCBuildConfiguration;
			buildSettings = {
				ASSETCATALOG_COMPILER_APPICON_NAME = AppIcon;
				INFOPLIST_FILE = ImgTbl/Info.plist;
				LD_RUNPATH_SEARCH_PATHS = "$(inherited) @executable_path/Frameworks";
				PRODUCT_NAME = "$(TARGET_NAME)";
			};
			name = Release;
		};
		BEA0764F1B81131000409B59 /* Debug */ = {
			isa = XCBuildConfiguration;
			buildSettings = {
				BUNDLE_LOADER = "$(TEST_HOST)";
				FRAMEWORK_SEARCH_PATHS = (
					"$(SDKROOT)/Developer/Library/Frameworks",
					"$(inherited)",
				);
				GCC_PREPROCESSOR_DEFINITIONS = (
					"DEBUG=1",
					"$(inherited)",
				);
				INFOPLIST_FILE = ImgTblTests/Info.plist;
				LD_RUNPATH_SEARCH_PATHS = "$(inherited) @executable_path/Frameworks @loader_path/Frameworks";
				PRODUCT_NAME = "$(TARGET_NAME)";
				TEST_HOST = "$(BUILT_PRODUCTS_DIR)/ImgTbl.app/ImgTbl";
			};
			name = Debug;
		};
		BEA076501B81131000409B59 /* Release */ = {
			isa = XCBuildConfiguration;
			buildSettings = {
				BUNDLE_LOADER = "$(TEST_HOST)";
				FRAMEWORK_SEARCH_PATHS = (
					"$(SDKROOT)/Developer/Library/Frameworks",
					"$(inherited)",
				);
				INFOPLIST_FILE = ImgTblTests/Info.plist;
				LD_RUNPATH_SEARCH_PATHS = "$(inherited) @executable_path/Frameworks @loader_path/Frameworks";
				PRODUCT_NAME = "$(TARGET_NAME)";
				TEST_HOST = "$(BUILT_PRODUCTS_DIR)/ImgTbl.app/ImgTbl";
			};
			name = Release;
		};
/* End XCBuildConfiguration section */

/* Begin XCConfigurationList section */
		BEA076231B81131000409B59 /* Build configuration list for PBXProject "ImgTbl" */ = {
			isa = XCConfigurationList;
			buildConfigurations = (
				BEA076491B81131000409B59 /* Debug */,
				BEA0764A1B81131000409B59 /* Release */,
			);
			defaultConfigurationIsVisible = 0;
			defaultConfigurationName = Release;
		};
		BEA0764B1B81131000409B59 /* Build configuration list for PBXNativeTarget "ImgTbl" */ = {
			isa = XCConfigurationList;
			buildConfigurations = (
				BEA0764C1B81131000409B59 /* Debug */,
				BEA0764D1B81131000409B59 /* Release */,
			);
			defaultConfigurationIsVisible = 0;
		};
		BEA0764E1B81131000409B59 /* Build configuration list for PBXNativeTarget "ImgTblTests" */ = {
			isa = XCConfigurationList;
			buildConfigurations = (
				BEA0764F1B81131000409B59 /* Debug */,
				BEA076501B81131000409B59 /* Release */,
			);
			defaultConfigurationIsVisible = 0;
		};
/* End XCConfigurationList section */
	};
	rootObject = BEA076201B81131000409B59 /* Project object */;
}
